
Microsoft Visual Studio Solution File, Format Version 12.00
# Visual Studio Version 16
VisualStudioVersion = 16.0.31829.152
MinimumVisualStudioVersion = 10.0.40219.1
Project("{8BC9CEB8-8B4A-11D0-8D11-00A0C91BC942}") = "leap_year", "leap_year\leap_year.vcxproj", "{CDC6EC80-9883-4E7A-BDBD-9A65D84A8093}"
	ProjectSection(ProjectDependencies) = postProject
		{15DD6E60-FA90-4B3E-B93F-AFFE8C138A28} = {15DD6E60-FA90-4B3E-B93F-AFFE8C138A28}
	EndProjectSection
EndProject
Project("{8BC9CEB8-8B4A-11D0-8D11-00A0C91BC942}") = "StaticLib", "StaticLib\StaticLib.vcxproj", "{15DD6E60-FA90-4B3E-B93F-AFFE8C138A28}"
EndProject
Project("{8BC9CEB8-8B4A-11D0-8D11-00A0C91BC942}") = "UnitTest", "UnitTest\UnitTest.vcxproj", "{D424C63C-621C-4F13-A191-F433F8D5D8FD}"
EndProject
Global
	GlobalSection(SolutionConfigurationPlatforms) = preSolution
		Debug|x64 = Debug|x64
		Debug|x86 = Debug|x86
		Release|x64 = Release|x64
		Release|x86 = Release|x86
	EndGlobalSection
	GlobalSection(ProjectConfigurationPlatforms) = postSolution
		{CDC6EC80-9883-4E7A-BDBD-9A65D84A8093}.Debug|x64.ActiveCfg = Debug|x64
		{CDC6EC80-9883-4E7A-BDBD-9A65D84A8093}.Debug|x64.Build.0 = Debug|x64
		{CDC6EC80-9883-4E7A-BDBD-9A65D84A8093}.Debug|x86.ActiveCfg = Debug|Win32
		{CDC6EC80-9883-4E7A-BDBD-9A65D84A8093}.Debug|x86.Build.0 = Debug|Win32
		{CDC6EC80-9883-4E7A-BDBD-9A65D84A8093}.Release|x64.ActiveCfg = Release|x64
		{CDC6EC80-9883-4E7A-BDBD-9A65D84A8093}.Release|x64.Build.0 = Release|x64
		{CDC6EC80-9883-4E7A-BDBD-9A65D84A8093}.Release|x86.ActiveCfg = Release|Win32
		{CDC6EC80-9883-4E7A-BDBD-9A65D84A8093}.Release|x86.Build.0 = Release|Win32
		{15DD6E60-FA90-4B3E-B93F-AFFE8C138A28}.Debug|x64.ActiveCfg = Debug|x64
		{15DD6E60-FA90-4B3E-B93F-AFFE8C138A28}.Debug|x64.Build.0 = Debug|x64
		{15DD6E60-FA90-4B3E-B93F-AFFE8C138A28}.Debug|x86.ActiveCfg = Debug|Win32
		{15DD6E60-FA90-4B3E-B93F-AFFE8C138A28}.Debug|x86.Build.0 = Debug|Win32
		{15DD6E60-FA90-4B3E-B93F-AFFE8C138A28}.Release|x64.ActiveCfg = Release|x64
		{15DD6E60-FA90-4B3E-B93F-AFFE8C138A28}.Release|x64.Build.0 = Release|x64
		{15DD6E60-FA90-4B3E-B93F-AFFE8C138A28}.Release|x86.ActiveCfg = Release|Win32
		{15DD6E60-FA90-4B3E-B93F-AFFE8C138A28}.Release|x86.Build.0 = Release|Win32
		{D424C63C-621C-4F13-A191-F433F8D5D8FD}.Debug|x64.ActiveCfg = Debug|x64
		{D424C63C-621C-4F13-A191-F433F8D5D8FD}.Debug|x64.Build.0 = Debug|x64
		{D424C63C-621C-4F13-A191-F433F8D5D8FD}.Debug|x86.ActiveCfg = Debug|Win32
		{D424C63C-621C-4F13-A191-F433F8D5D8FD}.Debug|x86.Build.0 = Debug|Win32
		{D424C63C-621C-4F13-A191-F433F8D5D8FD}.Release|x64.ActiveCfg = Release|x64
		{D424C63C-621C-4F13-A191-F433F8D5D8FD}.Release|x64.Build.0 = Release|x64
		{D424C63C-621C-4F13-A191-F433F8D5D8FD}.Release|x86.ActiveCfg = Release|Win32
		{D424C63C-621C-4F13-A191-F433F8D5D8FD}.Release|x86.Build.0 = Release|Win32
	EndGlobalSection
	GlobalSection(SolutionProperties) = preSolution
		HideSolutionNode = FALSE
	EndGlobalSection
	GlobalSection(ExtensibilityGlobals) = postSolution
		SolutionGuid = {2C1BF3D0-F45F-4A17-9A7E-AE721891BBD4}
	EndGlobalSection
EndGlobal
